
Microsoft Visual Studio Solution File, Format Version 12.00
# Visual Studio Version 17
VisualStudioVersion = 17.0.31717.71
MinimumVisualStudioVersion = 10.0.40219.1
Project("{2150E333-8FDC-42A3-9474-1A3956D46DE8}") = "Services", "Services", "{2FB78EEB-C2BE-4E9F-B00C-A787CC242D9B}"
EndProject
Project("{2150E333-8FDC-42A3-9474-1A3956D46DE8}") = "Catalog", "Catalog", "{48922A3B-E7E7-44C6-AF73-E98A3B4A3AB9}"
EndProject
Project("{FAE04EC0-301F-11D3-BF4B-00C04F79EFBC}") = "Catalog.API", "Services\Catalog\Catalog.API\Catalog.API.csproj", "{C59D390A-5D47-4D73-AA48-4B7EFB61D3A9}"
EndProject
Global
	GlobalSection(SolutionConfigurationPlatforms) = preSolution
		Debug|Any CPU = Debug|Any CPU
		Release|Any CPU = Release|Any CPU
	EndGlobalSection
	GlobalSection(ProjectConfigurationPlatforms) = postSolution
		{C59D390A-5D47-4D73-AA48-4B7EFB61D3A9}.Debug|Any CPU.ActiveCfg = Debug|Any CPU
		{C59D390A-5D47-4D73-AA48-4B7EFB61D3A9}.Debug|Any CPU.Build.0 = Debug|Any CPU
		{C59D390A-5D47-4D73-AA48-4B7EFB61D3A9}.Release|Any CPU.ActiveCfg = Release|Any CPU
		{C59D390A-5D47-4D73-AA48-4B7EFB61D3A9}.Release|Any CPU.Build.0 = Release|Any CPU
	EndGlobalSection
	GlobalSection(SolutionProperties) = preSolution
		HideSolutionNode = FALSE
	EndGlobalSection
	GlobalSection(NestedProjects) = preSolution
		{48922A3B-E7E7-44C6-AF73-E98A3B4A3AB9} = {2FB78EEB-C2BE-4E9F-B00C-A787CC242D9B}
		{C59D390A-5D47-4D73-AA48-4B7EFB61D3A9} = {48922A3B-E7E7-44C6-AF73-E98A3B4A3AB9}
	EndGlobalSection
	GlobalSection(ExtensibilityGlobals) = postSolution
		SolutionGuid = {EEA79149-DB93-49A5-8985-AC9DE3B43923}
	EndGlobalSection
EndGlobal
